
Microsoft Visual Studio Solution File, Format Version 12.00
# Visual Studio 15
VisualStudioVersion = 15.0.28307.757
MinimumVisualStudioVersion = 10.0.40219.1
Project("{8BC9CEB8-8B4A-11D0-8D11-00A0C91BC942}") = "ToolKits", "ToolKits\ToolKits.vcxproj", "{122F3AE1-4DC0-449A-9C60-75E84C21EC74}"
EndProject
Global
	GlobalSection(SolutionConfigurationPlatforms) = preSolution
		Debug|x64 = Debug|x64
		Debug|x86 = Debug|x86
		Release|x64 = Release|x64
		Release|x86 = Release|x86
	EndGlobalSection
	GlobalSection(ProjectConfigurationPlatforms) = postSolution
		{122F3AE1-4DC0-449A-9C60-75E84C21EC74}.Debug|x64.ActiveCfg = Debug|x64
		{122F3AE1-4DC0-449A-9C60-75E84C21EC74}.Debug|x64.Build.0 = Debug|x64
		{122F3AE1-4DC0-449A-9C60-75E84C21EC74}.Debug|x86.ActiveCfg = Debug|Win32
		{122F3AE1-4DC0-449A-9C60-75E84C21EC74}.Debug|x86.Build.0 = Debug|Win32
		{122F3AE1-4DC0-449A-9C60-75E84C21EC74}.Release|x64.ActiveCfg = Release|x64
		{122F3AE1-4DC0-449A-9C60-75E84C21EC74}.Release|x64.Build.0 = Release|x64
		{122F3AE1-4DC0-449A-9C60-75E84C21EC74}.Release|x86.ActiveCfg = Release|Win32
		{122F3AE1-4DC0-449A-9C60-75E84C21EC74}.Release|x86.Build.0 = Release|Win32
	EndGlobalSection
	GlobalSection(SolutionProperties) = preSolution
		HideSolutionNode = FALSE
	EndGlobalSection
	GlobalSection(ExtensibilityGlobals) = postSolution
		SolutionGuid = {B714613B-D617-4895-A419-77F27EE551F5}
	EndGlobalSection
EndGlobal
